
Microsoft Visual Studio Solution File, Format Version 12.00
# Visual Studio Version 16
VisualStudioVersion = 16.0.31727.386
MinimumVisualStudioVersion = 10.0.40219.1
Project("{9A19103F-16F7-4668-BE54-9A1E7A4F7556}") = "Technovert.BankApp.CLI", "BankApplication.CLI\Technovert.BankApp.CLI.csproj", "{83DB1E81-F2E1-4979-A460-AFEDDC70FFCD}"
EndProject
Project("{9A19103F-16F7-4668-BE54-9A1E7A4F7556}") = "Technovert.BankApp.Models", "BankApp.Models\Technovert.BankApp.Models.csproj", "{4315B426-4171-49DF-8322-37748B947A98}"
EndProject
Project("{9A19103F-16F7-4668-BE54-9A1E7A4F7556}") = "Technovert.BankApp.Services", "BankApp.Services\Technovert.BankApp.Services.csproj", "{B4323014-95DE-4671-B623-ED7FF502E9C8}"
EndProject
Global
	GlobalSection(SolutionConfigurationPlatforms) = preSolution
		Debug|Any CPU = Debug|Any CPU
		Release|Any CPU = Release|Any CPU
	EndGlobalSection
	GlobalSection(ProjectConfigurationPlatforms) = postSolution
		{83DB1E81-F2E1-4979-A460-AFEDDC70FFCD}.Debug|Any CPU.ActiveCfg = Debug|Any CPU
		{83DB1E81-F2E1-4979-A460-AFEDDC70FFCD}.Debug|Any CPU.Build.0 = Debug|Any CPU
		{83DB1E81-F2E1-4979-A460-AFEDDC70FFCD}.Release|Any CPU.ActiveCfg = Release|Any CPU
		{83DB1E81-F2E1-4979-A460-AFEDDC70FFCD}.Release|Any CPU.Build.0 = Release|Any CPU
		{4315B426-4171-49DF-8322-37748B947A98}.Debug|Any CPU.ActiveCfg = Debug|Any CPU
		{4315B426-4171-49DF-8322-37748B947A98}.Debug|Any CPU.Build.0 = Debug|Any CPU
		{4315B426-4171-49DF-8322-37748B947A98}.Release|Any CPU.ActiveCfg = Release|Any CPU
		{4315B426-4171-49DF-8322-37748B947A98}.Release|Any CPU.Build.0 = Release|Any CPU
		{B4323014-95DE-4671-B623-ED7FF502E9C8}.Debug|Any CPU.ActiveCfg = Debug|Any CPU
		{B4323014-95DE-4671-B623-ED7FF502E9C8}.Debug|Any CPU.Build.0 = Debug|Any CPU
		{B4323014-95DE-4671-B623-ED7FF502E9C8}.Release|Any CPU.ActiveCfg = Release|Any CPU
		{B4323014-95DE-4671-B623-ED7FF502E9C8}.Release|Any CPU.Build.0 = Release|Any CPU
	EndGlobalSection
	GlobalSection(SolutionProperties) = preSolution
		HideSolutionNode = FALSE
	EndGlobalSection
	GlobalSection(ExtensibilityGlobals) = postSolution
		SolutionGuid = {1D05D7C4-9785-4D0E-A893-A9972C35FA76}
	EndGlobalSection
EndGlobal
